{
  "version": "3",
  "packages": {
    "specifiers": {
      "jsr:@std/cli@^1.0.0": "jsr:@std/cli@1.0.4",
      "jsr:@std/fmt@^1.0.0": "jsr:@std/fmt@1.0.1"
    },
    "jsr": {
      "@std/cli@1.0.4": {
        "integrity": "79ca75add572a99a8ba93ae37ccbd8d43fb4e2b635a8a7ebebb4f2d092048764"
      },
      "@std/fmt@1.0.1": {
        "integrity": "ef76c37faa7720faa8c20fd8cc74583f9b1e356dfd630c8714baa716a45856ab"
      }
    }
  },
  "remote": {},
  "workspace": {
    "dependencies": [
      "jsr:@std/cli@^1.0.0",
      "jsr:@std/fmt@^1.0.0"
    ]
  }
}
